
Microsoft Visual Studio Solution File, Format Version 12.00
# Visual Studio Version 17
VisualStudioVersion = 17.0.31717.71
MinimumVisualStudioVersion = 10.0.40219.1
Project("{FAE04EC0-301F-11D3-BF4B-00C04F79EFBC}") = "BlazorCRUDApp2.Server", "BlazorCRUDApp2\Server\BlazorCRUDApp2.Server.csproj", "{D09F1A0C-683E-466C-BB6D-A695B2A2930B}"
EndProject
Project("{FAE04EC0-301F-11D3-BF4B-00C04F79EFBC}") = "BlazorCRUDApp2.Client", "BlazorCRUDApp2\Client\BlazorCRUDApp2.Client.csproj", "{C51662B7-016B-4981-8A50-5B787647A7E2}"
EndProject
Project("{FAE04EC0-301F-11D3-BF4B-00C04F79EFBC}") = "BlazorCRUDApp2.Shared", "BlazorCRUDApp2\Shared\BlazorCRUDApp2.Shared.csproj", "{4B7DD2F8-B49A-43E2-9696-AC2C3FD0C085}"
EndProject
Global
	GlobalSection(SolutionConfigurationPlatforms) = preSolution
		Debug|Any CPU = Debug|Any CPU
		Release|Any CPU = Release|Any CPU
	EndGlobalSection
	GlobalSection(ProjectConfigurationPlatforms) = postSolution
		{D09F1A0C-683E-466C-BB6D-A695B2A2930B}.Debug|Any CPU.ActiveCfg = Debug|Any CPU
		{D09F1A0C-683E-466C-BB6D-A695B2A2930B}.Debug|Any CPU.Build.0 = Debug|Any CPU
		{D09F1A0C-683E-466C-BB6D-A695B2A2930B}.Release|Any CPU.ActiveCfg = Release|Any CPU
		{D09F1A0C-683E-466C-BB6D-A695B2A2930B}.Release|Any CPU.Build.0 = Release|Any CPU
		{C51662B7-016B-4981-8A50-5B787647A7E2}.Debug|Any CPU.ActiveCfg = Debug|Any CPU
		{C51662B7-016B-4981-8A50-5B787647A7E2}.Debug|Any CPU.Build.0 = Debug|Any CPU
		{C51662B7-016B-4981-8A50-5B787647A7E2}.Release|Any CPU.ActiveCfg = Release|Any CPU
		{C51662B7-016B-4981-8A50-5B787647A7E2}.Release|Any CPU.Build.0 = Release|Any CPU
		{4B7DD2F8-B49A-43E2-9696-AC2C3FD0C085}.Debug|Any CPU.ActiveCfg = Debug|Any CPU
		{4B7DD2F8-B49A-43E2-9696-AC2C3FD0C085}.Debug|Any CPU.Build.0 = Debug|Any CPU
		{4B7DD2F8-B49A-43E2-9696-AC2C3FD0C085}.Release|Any CPU.ActiveCfg = Release|Any CPU
		{4B7DD2F8-B49A-43E2-9696-AC2C3FD0C085}.Release|Any CPU.Build.0 = Release|Any CPU
	EndGlobalSection
	GlobalSection(SolutionProperties) = preSolution
		HideSolutionNode = FALSE
	EndGlobalSection
	GlobalSection(ExtensibilityGlobals) = postSolution
		SolutionGuid = {235BD0EC-2A1F-4A08-BB24-E62318B578A8}
	EndGlobalSection
EndGlobal
